
Microsoft Visual Studio Solution File, Format Version 12.00
# Visual Studio Version 17
VisualStudioVersion = 17.9.34622.214
MinimumVisualStudioVersion = 10.0.40219.1
Project("{FAE04EC0-301F-11D3-BF4B-00C04F79EFBC}") = "PRG2_20232_P7_3_90", "PRG2_20232_P7_3_90\PRG2_20232_P7_3_90.csproj", "{94C9DB33-B359-4DEE-8EB0-8144EF7A460E}"
EndProject
Global
	GlobalSection(SolutionConfigurationPlatforms) = preSolution
		Debug|Any CPU = Debug|Any CPU
		Release|Any CPU = Release|Any CPU
	EndGlobalSection
	GlobalSection(ProjectConfigurationPlatforms) = postSolution
		{94C9DB33-B359-4DEE-8EB0-8144EF7A460E}.Debug|Any CPU.ActiveCfg = Debug|Any CPU
		{94C9DB33-B359-4DEE-8EB0-8144EF7A460E}.Debug|Any CPU.Build.0 = Debug|Any CPU
		{94C9DB33-B359-4DEE-8EB0-8144EF7A460E}.Release|Any CPU.ActiveCfg = Release|Any CPU
		{94C9DB33-B359-4DEE-8EB0-8144EF7A460E}.Release|Any CPU.Build.0 = Release|Any CPU
	EndGlobalSection
	GlobalSection(SolutionProperties) = preSolution
		HideSolutionNode = FALSE
	EndGlobalSection
	GlobalSection(ExtensibilityGlobals) = postSolution
		SolutionGuid = {3F6CC894-F833-4367-AFEF-70D2C7FD9743}
	EndGlobalSection
EndGlobal
